
Microsoft Visual Studio Solution File, Format Version 12.00
# Visual Studio 15
Project("{FAE04EC0-301F-11D3-BF4B-00C04F79EFBC}") = "Assembly-CSharp", "Assembly-CSharp.csproj", "{745AD917-74C7-276A-8B9A-82875350DC64}"
EndProject
Project("{FAE04EC0-301F-11D3-BF4B-00C04F79EFBC}") = "Assembly-CSharp-Editor", "Assembly-CSharp-Editor.csproj", "{98A052F9-81D3-B595-4B0F-48210EB3349F}"
EndProject
Global
	GlobalSection(SolutionConfigurationPlatforms) = preSolution
		Debug|Any CPU = Debug|Any CPU
		Release|Any CPU = Release|Any CPU
	EndGlobalSection
	GlobalSection(ProjectConfigurationPlatforms) = postSolution
		{745AD917-74C7-276A-8B9A-82875350DC64}.Debug|Any CPU.ActiveCfg = Debug|Any CPU
		{745AD917-74C7-276A-8B9A-82875350DC64}.Debug|Any CPU.Build.0 = Debug|Any CPU
		{745AD917-74C7-276A-8B9A-82875350DC64}.Release|Any CPU.ActiveCfg = Release|Any CPU
		{745AD917-74C7-276A-8B9A-82875350DC64}.Release|Any CPU.Build.0 = Release|Any CPU
		{98A052F9-81D3-B595-4B0F-48210EB3349F}.Debug|Any CPU.ActiveCfg = Debug|Any CPU
		{98A052F9-81D3-B595-4B0F-48210EB3349F}.Debug|Any CPU.Build.0 = Debug|Any CPU
		{98A052F9-81D3-B595-4B0F-48210EB3349F}.Release|Any CPU.ActiveCfg = Release|Any CPU
		{98A052F9-81D3-B595-4B0F-48210EB3349F}.Release|Any CPU.Build.0 = Release|Any CPU
	EndGlobalSection
	GlobalSection(SolutionProperties) = preSolution
		HideSolutionNode = FALSE
	EndGlobalSection
EndGlobal
